{
  "name": "ags-config",
  "version": "1.0.0",
  "lockfileVersion": 3,
  "requires": true,
  "packages": {
    "": {
      "name": "ags-config",
      "version": "1.0.0",
      "dependencies": {
        "gnim": "file:/usr/share/ags/js/node_modules/gnim"
      }
    },
    "../../../../../../../usr/share/ags/js/node_modules/gnim": {
      "version": "1.9.0",
      "license": "MIT",
      "devDependencies": {
        "@eslint/js": "latest",
        "@girs/adw-1": "latest",
        "@girs/clutter-16": "latest",
        "@girs/gjs": "latest",
        "@girs/gnome-shell": "latest",
        "@girs/gtk-3.0": "latest",
        "@girs/gtk-4.0": "latest",
        "@girs/shell-16": "latest",
        "@girs/soup-3.0": "latest",
        "@girs/st-16": "latest",
        "esbuild": "latest",
        "eslint": "latest",
        "typescript": "latest",
        "typescript-eslint": "latest",
        "vitepress": "latest"
      },
      "engines": {
        "gjs": ">=1.79.0"
      },
      "funding": {
        "type": "kofi",
        "url": "https://ko-fi.com/aylur"
      }
    },
    "node_modules/gnim": {
      "resolved": "../../../../../../../usr/share/ags/js/node_modules/gnim",
      "link": true
    }
  }
}
